// !$*UTF8*$!
{
	archiveVersion = 1;
	classes = {
	};
	objectVersion = 46;
	objects = {

/* Begin PBXBuildFile section */
		0E2C12A916CF2B98007A513B /* TopPlacesMapViewController.m in Sources */ = {isa = PBXBuildFile; fileRef = 0E2C12A816CF2B98007A513B /* TopPlacesMapViewController.m */; };
		0E344EBA16B4A219005AA4AE /* DataCache.m in Sources */ = {isa = PBXBuildFile; fileRef = 0E344EB916B4A219005AA4AE /* DataCache.m */; };
		0E344EC216B9FDD0005AA4AE /* FlickrPhotoAnnotation.m in Sources */ = {isa = PBXBuildFile; fileRef = 0E344EC116B9FDD0005AA4AE /* FlickrPhotoAnnotation.m */; };
		0E344EC516B9FE3B005AA4AE /* FlickrPlaceAnnotation.m in Sources */ = {isa = PBXBuildFile; fileRef = 0E344EC416B9FE3B005AA4AE /* FlickrPlaceAnnotation.m */; };
		0E344EC716BA0320005AA4AE /* MapKit.framework in Frameworks */ = {isa = PBXBuildFile; fileRef = 0E344EC616BA0320005AA4AE /* MapKit.framework */; };
		0E344EC916BA0328005AA4AE /* CoreLocation.framework in Frameworks */ = {isa = PBXBuildFile; fileRef = 0E344EC816BA0328005AA4AE /* CoreLocation.framework */; };
		0E344ECC16BA1586005AA4AE /* PhotoListMapViewController.m in Sources */ = {isa = PBXBuildFile; fileRef = 0E344ECB16BA1586005AA4AE /* PhotoListMapViewController.m */; };
		0ECD332A169BB2ED007EEC9B /* UIKit.framework in Frameworks */ = {isa = PBXBuildFile; fileRef = 0ECD3329169BB2ED007EEC9B /* UIKit.framework */; };
		0ECD332C169BB2ED007EEC9B /* Foundation.framework in Frameworks */ = {isa = PBXBuildFile; fileRef = 0ECD332B169BB2ED007EEC9B /* Foundation.framework */; };
		0ECD332E169BB2ED007EEC9B /* CoreGraphics.framework in Frameworks */ = {isa = PBXBuildFile; fileRef = 0ECD332D169BB2ED007EEC9B /* CoreGraphics.framework */; };
		0ECD3334169BB2ED007EEC9B /* InfoPlist.strings in Resources */ = {isa = PBXBuildFile; fileRef = 0ECD3332169BB2ED007EEC9B /* InfoPlist.strings */; };
		0ECD3336169BB2ED007EEC9B /* main.m in Sources */ = {isa = PBXBuildFile; fileRef = 0ECD3335169BB2ED007EEC9B /* main.m */; };
		0ECD333A169BB2ED007EEC9B /* TopPlacesAppDelegate.m in Sources */ = {isa = PBXBuildFile; fileRef = 0ECD3339169BB2ED007EEC9B /* TopPlacesAppDelegate.m */; };
		0ECD333C169BB2ED007EEC9B /* Default.png in Resources */ = {isa = PBXBuildFile; fileRef = 0ECD333B169BB2ED007EEC9B /* Default.png */; };
		0ECD333E169BB2ED007EEC9B /* Default@2x.png in Resources */ = {isa = PBXBuildFile; fileRef = 0ECD333D169BB2ED007EEC9B /* Default@2x.png */; };
		0ECD3340169BB2ED007EEC9B /* Default-568h@2x.png in Resources */ = {isa = PBXBuildFile; fileRef = 0ECD333F169BB2ED007EEC9B /* Default-568h@2x.png */; };
		0ECD3343169BB2ED007EEC9B /* iPhone.storyboard in Resources */ = {isa = PBXBuildFile; fileRef = 0ECD3341169BB2ED007EEC9B /* iPhone.storyboard */; };
		0ECD3346169BB2ED007EEC9B /* iPad.storyboard in Resources */ = {isa = PBXBuildFile; fileRef = 0ECD3344169BB2ED007EEC9B /* iPad.storyboard */; };
		0ECD335D169BB63B007EEC9B /* FlickrFetcher.m in Sources */ = {isa = PBXBuildFile; fileRef = 0ECD335C169BB63B007EEC9B /* FlickrFetcher.m */; };
		0EE96FAE16BDF74D00D97E4F /* RotatableTabBarController.m in Sources */ = {isa = PBXBuildFile; fileRef = 0EE96FAD16BDF74D00D97E4F /* RotatableTabBarController.m */; };
		0EE96FB316C6D19400D97E4F /* TODO-List.rtf in Resources */ = {isa = PBXBuildFile; fileRef = 0EE96FB216C6D19400D97E4F /* TODO-List.rtf */; };
		0EE96FB816C6DF4100D97E4F /* Icon-72.png in Resources */ = {isa = PBXBuildFile; fileRef = 0EE96FB416C6DF4100D97E4F /* Icon-72.png */; };
		0EE96FB916C6DF4100D97E4F /* Icon-72@2x.png in Resources */ = {isa = PBXBuildFile; fileRef = 0EE96FB516C6DF4100D97E4F /* Icon-72@2x.png */; };
		0EE96FBA16C6DF4100D97E4F /* Icon.png in Resources */ = {isa = PBXBuildFile; fileRef = 0EE96FB616C6DF4100D97E4F /* Icon.png */; };
		0EE96FBB16C6DF4100D97E4F /* Icon@2x.png in Resources */ = {isa = PBXBuildFile; fileRef = 0EE96FB716C6DF4100D97E4F /* Icon@2x.png */; };
		0EE96FBE16C6DFA500D97E4F /* folder.png in Resources */ = {isa = PBXBuildFile; fileRef = 0EE96FBC16C6DFA500D97E4F /* folder.png */; };
		0EE96FBF16C6DFA500D97E4F /* globe.png in Resources */ = {isa = PBXBuildFile; fileRef = 0EE96FBD16C6DFA500D97E4F /* globe.png */; };
		0EFA0F7516A3903600E33A49 /* TopPlacesTableViewController.m in Sources */ = {isa = PBXBuildFile; fileRef = 0EFA0F7416A3903600E33A49 /* TopPlacesTableViewController.m */; };
		0EFA0F8016A4C8C500E33A49 /* PhotoListTableViewController.m in Sources */ = {isa = PBXBuildFile; fileRef = 0EFA0F7F16A4C8C500E33A49 /* PhotoListTableViewController.m */; };
		0EFA0F8716A4F2B200E33A49 /* FlickrPhotoViewController.m in Sources */ = {isa = PBXBuildFile; fileRef = 0EFA0F8616A4F2B200E33A49 /* FlickrPhotoViewController.m */; };
		0EFA0FAA16ACA5B500E33A49 /* RecentPhotoListTableViewController.m in Sources */ = {isa = PBXBuildFile; fileRef = 0EFA0FA916ACA5B500E33A49 /* RecentPhotoListTableViewController.m */; };
/* End PBXBuildFile section */

/* Begin PBXFileReference section */
		0E2C12A716CF2B97007A513B /* TopPlacesMapViewController.h */ = {isa = PBXFileReference; fileEncoding = 4; lastKnownFileType = sourcecode.c.h; path = TopPlacesMapViewController.h; sourceTree = "<group>"; };
		0E2C12A816CF2B98007A513B /* TopPlacesMapViewController.m */ = {isa = PBXFileReference; fileEncoding = 4; lastKnownFileType = sourcecode.c.objc; path = TopPlacesMapViewController.m; sourceTree = "<group>"; };
		0E344EB816B4A219005AA4AE /* DataCache.h */ = {isa = PBXFileReference; fileEncoding = 4; lastKnownFileType = sourcecode.c.h; path = DataCache.h; sourceTree = "<group>"; };
		0E344EB916B4A219005AA4AE /* DataCache.m */ = {isa = PBXFileReference; fileEncoding = 4; lastKnownFileType = sourcecode.c.objc; path = DataCache.m; sourceTree = "<group>"; };
		0E344EC016B9FDD0005AA4AE /* FlickrPhotoAnnotation.h */ = {isa = PBXFileReference; fileEncoding = 4; lastKnownFileType = sourcecode.c.h; path = FlickrPhotoAnnotation.h; sourceTree = "<group>"; };
		0E344EC116B9FDD0005AA4AE /* FlickrPhotoAnnotation.m */ = {isa = PBXFileReference; fileEncoding = 4; lastKnownFileType = sourcecode.c.objc; path = FlickrPhotoAnnotation.m; sourceTree = "<group>"; };
		0E344EC316B9FE3B005AA4AE /* FlickrPlaceAnnotation.h */ = {isa = PBXFileReference; fileEncoding = 4; lastKnownFileType = sourcecode.c.h; path = FlickrPlaceAnnotation.h; sourceTree = "<group>"; };
		0E344EC416B9FE3B005AA4AE /* FlickrPlaceAnnotation.m */ = {isa = PBXFileReference; fileEncoding = 4; lastKnownFileType = sourcecode.c.objc; path = FlickrPlaceAnnotation.m; sourceTree = "<group>"; };
		0E344EC616BA0320005AA4AE /* MapKit.framework */ = {isa = PBXFileReference; lastKnownFileType = wrapper.framework; name = MapKit.framework; path = System/Library/Frameworks/MapKit.framework; sourceTree = SDKROOT; };
		0E344EC816BA0328005AA4AE /* CoreLocation.framework */ = {isa = PBXFileReference; lastKnownFileType = wrapper.framework; name = CoreLocation.framework; path = System/Library/Frameworks/CoreLocation.framework; sourceTree = SDKROOT; };
		0E344ECA16BA1585005AA4AE /* PhotoListMapViewController.h */ = {isa = PBXFileReference; fileEncoding = 4; lastKnownFileType = sourcecode.c.h; path = PhotoListMapViewController.h; sourceTree = "<group>"; };
		0E344ECB16BA1586005AA4AE /* PhotoListMapViewController.m */ = {isa = PBXFileReference; fileEncoding = 4; lastKnownFileType = sourcecode.c.objc; path = PhotoListMapViewController.m; sourceTree = "<group>"; };
		0ECD3325169BB2ED007EEC9B /* FlickrMaps.app */ = {isa = PBXFileReference; explicitFileType = wrapper.application; includeInIndex = 0; path = FlickrMaps.app; sourceTree = BUILT_PRODUCTS_DIR; };
		0ECD3329169BB2ED007EEC9B /* UIKit.framework */ = {isa = PBXFileReference; lastKnownFileType = wrapper.framework; name = UIKit.framework; path = System/Library/Frameworks/UIKit.framework; sourceTree = SDKROOT; };
		0ECD332B169BB2ED007EEC9B /* Foundation.framework */ = {isa = PBXFileReference; lastKnownFileType = wrapper.framework; name = Foundation.framework; path = System/Library/Frameworks/Foundation.framework; sourceTree = SDKROOT; };
		0ECD332D169BB2ED007EEC9B /* CoreGraphics.framework */ = {isa = PBXFileReference; lastKnownFileType = wrapper.framework; name = CoreGraphics.framework; path = System/Library/Frameworks/CoreGraphics.framework; sourceTree = SDKROOT; };
		0ECD3331169BB2ED007EEC9B /* FlickrMaps-Info.plist */ = {isa = PBXFileReference; lastKnownFileType = text.plist.xml; path = "FlickrMaps-Info.plist"; sourceTree = "<group>"; };
		0ECD3333169BB2ED007EEC9B /* en */ = {isa = PBXFileReference; lastKnownFileType = text.plist.strings; name = en; path = en.lproj/InfoPlist.strings; sourceTree = "<group>"; };
		0ECD3335169BB2ED007EEC9B /* main.m */ = {isa = PBXFileReference; lastKnownFileType = sourcecode.c.objc; path = main.m; sourceTree = "<group>"; };
		0ECD3337169BB2ED007EEC9B /* FlickrMaps-Prefix.pch */ = {isa = PBXFileReference; lastKnownFileType = sourcecode.c.h; path = "FlickrMaps-Prefix.pch"; sourceTree = "<group>"; };
		0ECD3338169BB2ED007EEC9B /* TopPlacesAppDelegate.h */ = {isa = PBXFileReference; lastKnownFileType = sourcecode.c.h; path = TopPlacesAppDelegate.h; sourceTree = "<group>"; };
		0ECD3339169BB2ED007EEC9B /* TopPlacesAppDelegate.m */ = {isa = PBXFileReference; lastKnownFileType = sourcecode.c.objc; path = TopPlacesAppDelegate.m; sourceTree = "<group>"; };
		0ECD333B169BB2ED007EEC9B /* Default.png */ = {isa = PBXFileReference; lastKnownFileType = image.png; path = Default.png; sourceTree = "<group>"; };
		0ECD333D169BB2ED007EEC9B /* Default@2x.png */ = {isa = PBXFileReference; lastKnownFileType = image.png; path = "Default@2x.png"; sourceTree = "<group>"; };
		0ECD333F169BB2ED007EEC9B /* Default-568h@2x.png */ = {isa = PBXFileReference; lastKnownFileType = image.png; path = "Default-568h@2x.png"; sourceTree = "<group>"; };
		0ECD3342169BB2ED007EEC9B /* en */ = {isa = PBXFileReference; lastKnownFileType = file.storyboard; name = en; path = en.lproj/iPhone.storyboard; sourceTree = "<group>"; };
		0ECD3345169BB2ED007EEC9B /* en */ = {isa = PBXFileReference; lastKnownFileType = file.storyboard; name = en; path = en.lproj/iPad.storyboard; sourceTree = "<group>"; };
		0ECD335A169BB63B007EEC9B /* FlickrAPIKey.h */ = {isa = PBXFileReference; fileEncoding = 4; lastKnownFileType = sourcecode.c.h; path = FlickrAPIKey.h; sourceTree = "<group>"; };
		0ECD335B169BB63B007EEC9B /* FlickrFetcher.h */ = {isa = PBXFileReference; fileEncoding = 4; lastKnownFileType = sourcecode.c.h; path = FlickrFetcher.h; sourceTree = "<group>"; };
		0ECD335C169BB63B007EEC9B /* FlickrFetcher.m */ = {isa = PBXFileReference; fileEncoding = 4; lastKnownFileType = sourcecode.c.objc; path = FlickrFetcher.m; sourceTree = "<group>"; };
		0EE96FAC16BDF74D00D97E4F /* RotatableTabBarController.h */ = {isa = PBXFileReference; fileEncoding = 4; lastKnownFileType = sourcecode.c.h; path = RotatableTabBarController.h; sourceTree = "<group>"; };
		0EE96FAD16BDF74D00D97E4F /* RotatableTabBarController.m */ = {isa = PBXFileReference; fileEncoding = 4; lastKnownFileType = sourcecode.c.objc; path = RotatableTabBarController.m; sourceTree = "<group>"; };
		0EE96FAF16BF126B00D97E4F /* SplitViewBarButtonItemPresenter.h */ = {isa = PBXFileReference; fileEncoding = 4; lastKnownFileType = sourcecode.c.h; path = SplitViewBarButtonItemPresenter.h; sourceTree = "<group>"; };
		0EE96FB216C6D19400D97E4F /* TODO-List.rtf */ = {isa = PBXFileReference; fileEncoding = 4; lastKnownFileType = text.rtf; path = "TODO-List.rtf"; sourceTree = "<group>"; };
		0EE96FB416C6DF4100D97E4F /* Icon-72.png */ = {isa = PBXFileReference; lastKnownFileType = image.png; name = "Icon-72.png"; path = "../Icon-72.png"; sourceTree = "<group>"; };
		0EE96FB516C6DF4100D97E4F /* Icon-72@2x.png */ = {isa = PBXFileReference; lastKnownFileType = image.png; name = "Icon-72@2x.png"; path = "../Icon-72@2x.png"; sourceTree = "<group>"; };
		0EE96FB616C6DF4100D97E4F /* Icon.png */ = {isa = PBXFileReference; lastKnownFileType = image.png; name = Icon.png; path = ../Icon.png; sourceTree = "<group>"; };
		0EE96FB716C6DF4100D97E4F /* Icon@2x.png */ = {isa = PBXFileReference; lastKnownFileType = image.png; name = "Icon@2x.png"; path = "../Icon@2x.png"; sourceTree = "<group>"; };
		0EE96FBC16C6DFA500D97E4F /* folder.png */ = {isa = PBXFileReference; lastKnownFileType = image.png; path = folder.png; sourceTree = "<group>"; };
		0EE96FBD16C6DFA500D97E4F /* globe.png */ = {isa = PBXFileReference; lastKnownFileType = image.png; path = globe.png; sourceTree = "<group>"; };
		0EFA0F7316A3903600E33A49 /* TopPlacesTableViewController.h */ = {isa = PBXFileReference; fileEncoding = 4; lastKnownFileType = sourcecode.c.h; path = TopPlacesTableViewController.h; sourceTree = "<group>"; };
		0EFA0F7416A3903600E33A49 /* TopPlacesTableViewController.m */ = {isa = PBXFileReference; fileEncoding = 4; lastKnownFileType = sourcecode.c.objc; path = TopPlacesTableViewController.m; sourceTree = "<group>"; };
		0EFA0F7716A3915400E33A49 /* RecentPhotoListTableViewController.h */ = {isa = PBXFileReference; fileEncoding = 4; lastKnownFileType = sourcecode.c.h; path = RecentPhotoListTableViewController.h; sourceTree = "<group>"; };
		0EFA0F7E16A4C8C500E33A49 /* PhotoListTableViewController.h */ = {isa = PBXFileReference; fileEncoding = 4; lastKnownFileType = sourcecode.c.h; path = PhotoListTableViewController.h; sourceTree = "<group>"; };
		0EFA0F7F16A4C8C500E33A49 /* PhotoListTableViewController.m */ = {isa = PBXFileReference; fileEncoding = 4; lastKnownFileType = sourcecode.c.objc; path = PhotoListTableViewController.m; sourceTree = "<group>"; };
		0EFA0F8516A4F2B200E33A49 /* FlickrPhotoViewController.h */ = {isa = PBXFileReference; fileEncoding = 4; lastKnownFileType = sourcecode.c.h; path = FlickrPhotoViewController.h; sourceTree = "<group>"; };
		0EFA0F8616A4F2B200E33A49 /* FlickrPhotoViewController.m */ = {isa = PBXFileReference; fileEncoding = 4; lastKnownFileType = sourcecode.c.objc; path = FlickrPhotoViewController.m; sourceTree = "<group>"; };
		0EFA0FA916ACA5B500E33A49 /* RecentPhotoListTableViewController.m */ = {isa = PBXFileReference; fileEncoding = 4; lastKnownFileType = sourcecode.c.objc; path = RecentPhotoListTableViewController.m; sourceTree = "<group>"; };
/* End PBXFileReference section */

/* Begin PBXFrameworksBuildPhase section */
		0ECD3322169BB2ED007EEC9B /* Frameworks */ = {
			isa = PBXFrameworksBuildPhase;
			buildActionMask = 2147483647;
			files = (
				0E344EC916BA0328005AA4AE /* CoreLocation.framework in Frameworks */,
				0E344EC716BA0320005AA4AE /* MapKit.framework in Frameworks */,
				0ECD332A169BB2ED007EEC9B /* UIKit.framework in Frameworks */,
				0ECD332C169BB2ED007EEC9B /* Foundation.framework in Frameworks */,
				0ECD332E169BB2ED007EEC9B /* CoreGraphics.framework in Frameworks */,
			);
			runOnlyForDeploymentPostprocessing = 0;
		};
/* End PBXFrameworksBuildPhase section */

/* Begin PBXGroup section */
		0E2C12A616CC8548007A513B /* icons */ = {
			isa = PBXGroup;
			children = (
				0EE96FBC16C6DFA500D97E4F /* folder.png */,
				0EE96FBD16C6DFA500D97E4F /* globe.png */,
				0EE96FB416C6DF4100D97E4F /* Icon-72.png */,
				0EE96FB516C6DF4100D97E4F /* Icon-72@2x.png */,
				0EE96FB616C6DF4100D97E4F /* Icon.png */,
				0EE96FB716C6DF4100D97E4F /* Icon@2x.png */,
			);
			name = icons;
			sourceTree = "<group>";
		};
		0ECD331A169BB2ED007EEC9B = {
			isa = PBXGroup;
			children = (
				0ECD3341169BB2ED007EEC9B /* iPhone.storyboard */,
				0ECD3344169BB2ED007EEC9B /* iPad.storyboard */,
				0EE96FB216C6D19400D97E4F /* TODO-List.rtf */,
				0ECD332F169BB2ED007EEC9B /* FlickrMaps */,
				0ECD3328169BB2ED007EEC9B /* Frameworks */,
				0ECD3326169BB2ED007EEC9B /* Products */,
			);
			sourceTree = "<group>";
		};
		0ECD3326169BB2ED007EEC9B /* Products */ = {
			isa = PBXGroup;
			children = (
				0ECD3325169BB2ED007EEC9B /* FlickrMaps.app */,
			);
			name = Products;
			sourceTree = "<group>";
		};
		0ECD3328169BB2ED007EEC9B /* Frameworks */ = {
			isa = PBXGroup;
			children = (
				0E344EC816BA0328005AA4AE /* CoreLocation.framework */,
				0E344EC616BA0320005AA4AE /* MapKit.framework */,
				0ECD3329169BB2ED007EEC9B /* UIKit.framework */,
				0ECD332B169BB2ED007EEC9B /* Foundation.framework */,
				0ECD332D169BB2ED007EEC9B /* CoreGraphics.framework */,
			);
			name = Frameworks;
			sourceTree = "<group>";
		};
		0ECD332F169BB2ED007EEC9B /* FlickrMaps */ = {
			isa = PBXGroup;
			children = (
				0E2C12A616CC8548007A513B /* icons */,
				0EFA0FA816ACA05D00E33A49 /* Fickr API */,
				0EE96FB016C6CA6000D97E4F /* Annotations */,
				0EE96FB116C6CAA900D97E4F /* Utils */,
				0EFA0F7316A3903600E33A49 /* TopPlacesTableViewController.h */,
				0EFA0F7416A3903600E33A49 /* TopPlacesTableViewController.m */,
				0E2C12A716CF2B97007A513B /* TopPlacesMapViewController.h */,
				0E2C12A816CF2B98007A513B /* TopPlacesMapViewController.m */,
				0EFA0F7E16A4C8C500E33A49 /* PhotoListTableViewController.h */,
				0EFA0F7F16A4C8C500E33A49 /* PhotoListTableViewController.m */,
				0E344ECA16BA1585005AA4AE /* PhotoListMapViewController.h */,
				0E344ECB16BA1586005AA4AE /* PhotoListMapViewController.m */,
				0EFA0F7716A3915400E33A49 /* RecentPhotoListTableViewController.h */,
				0EFA0FA916ACA5B500E33A49 /* RecentPhotoListTableViewController.m */,
				0EFA0F8516A4F2B200E33A49 /* FlickrPhotoViewController.h */,
				0EFA0F8616A4F2B200E33A49 /* FlickrPhotoViewController.m */,
				0ECD3330169BB2ED007EEC9B /* Supporting Files */,
			);
			name = FlickrMaps;
			path = FlickrTopPlaces;
			sourceTree = "<group>";
		};
		0ECD3330169BB2ED007EEC9B /* Supporting Files */ = {
			isa = PBXGroup;
			children = (
				0ECD3338169BB2ED007EEC9B /* TopPlacesAppDelegate.h */,
				0ECD3339169BB2ED007EEC9B /* TopPlacesAppDelegate.m */,
				0ECD3331169BB2ED007EEC9B /* FlickrMaps-Info.plist */,
				0ECD3332169BB2ED007EEC9B /* InfoPlist.strings */,
				0ECD3335169BB2ED007EEC9B /* main.m */,
				0ECD3337169BB2ED007EEC9B /* FlickrMaps-Prefix.pch */,
				0ECD333B169BB2ED007EEC9B /* Default.png */,
				0ECD333D169BB2ED007EEC9B /* Default@2x.png */,
				0ECD333F169BB2ED007EEC9B /* Default-568h@2x.png */,
			);
			name = "Supporting Files";
			sourceTree = "<group>";
		};
		0EE96FB016C6CA6000D97E4F /* Annotations */ = {
			isa = PBXGroup;
			children = (
				0E344EC316B9FE3B005AA4AE /* FlickrPlaceAnnotation.h */,
				0E344EC416B9FE3B005AA4AE /* FlickrPlaceAnnotation.m */,
				0E344EC016B9FDD0005AA4AE /* FlickrPhotoAnnotation.h */,
				0E344EC116B9FDD0005AA4AE /* FlickrPhotoAnnotation.m */,
			);
			name = Annotations;
			sourceTree = "<group>";
		};
		0EE96FB116C6CAA900D97E4F /* Utils */ = {
			isa = PBXGroup;
			children = (
				0EE96FAC16BDF74D00D97E4F /* RotatableTabBarController.h */,
				0EE96FAD16BDF74D00D97E4F /* RotatableTabBarController.m */,
				0EE96FAF16BF126B00D97E4F /* SplitViewBarButtonItemPresenter.h */,
				0E344EB816B4A219005AA4AE /* DataCache.h */,
				0E344EB916B4A219005AA4AE /* DataCache.m */,
			);
			name = Utils;
			sourceTree = "<group>";
		};
		0EFA0FA816ACA05D00E33A49 /* Fickr API */ = {
			isa = PBXGroup;
			children = (
				0ECD335A169BB63B007EEC9B /* FlickrAPIKey.h */,
				0ECD335B169BB63B007EEC9B /* FlickrFetcher.h */,
				0ECD335C169BB63B007EEC9B /* FlickrFetcher.m */,
			);
			name = "Fickr API";
			sourceTree = "<group>";
		};
/* End PBXGroup section */

/* Begin PBXNativeTarget section */
		0ECD3324169BB2ED007EEC9B /* FlickrMaps */ = {
			isa = PBXNativeTarget;
			buildConfigurationList = 0ECD3357169BB2ED007EEC9B /* Build configuration list for PBXNativeTarget "FlickrMaps" */;
			buildPhases = (
				0ECD3321169BB2ED007EEC9B /* Sources */,
				0ECD3322169BB2ED007EEC9B /* Frameworks */,
				0ECD3323169BB2ED007EEC9B /* Resources */,
			);
			buildRules = (
			);
			dependencies = (
			);
			name = FlickrMaps;
			productName = FlickrTopPlaces;
			productReference = 0ECD3325169BB2ED007EEC9B /* FlickrMaps.app */;
			productType = "com.apple.product-type.application";
		};
/* End PBXNativeTarget section */

/* Begin PBXProject section */
		0ECD331C169BB2ED007EEC9B /* Project object */ = {
			isa = PBXProject;
			attributes = {
				CLASSPREFIX = TopPlaces;
				LastUpgradeCheck = 0450;
				ORGANIZATIONNAME = "Fred Gagnepain";
			};
			buildConfigurationList = 0ECD331F169BB2ED007EEC9B /* Build configuration list for PBXProject "FlickrMaps" */;
			compatibilityVersion = "Xcode 3.2";
			developmentRegion = English;
			hasScannedForEncodings = 0;
			knownRegions = (
				en,
			);
			mainGroup = 0ECD331A169BB2ED007EEC9B;
			productRefGroup = 0ECD3326169BB2ED007EEC9B /* Products */;
			projectDirPath = "";
			projectRoot = "";
			targets = (
				0ECD3324169BB2ED007EEC9B /* FlickrMaps */,
			);
		};
/* End PBXProject section */

/* Begin PBXResourcesBuildPhase section */
		0ECD3323169BB2ED007EEC9B /* Resources */ = {
			isa = PBXResourcesBuildPhase;
			buildActionMask = 2147483647;
			files = (
				0ECD3334169BB2ED007EEC9B /* InfoPlist.strings in Resources */,
				0ECD333C169BB2ED007EEC9B /* Default.png in Resources */,
				0ECD333E169BB2ED007EEC9B /* Default@2x.png in Resources */,
				0ECD3340169BB2ED007EEC9B /* Default-568h@2x.png in Resources */,
				0ECD3343169BB2ED007EEC9B /* iPhone.storyboard in Resources */,
				0ECD3346169BB2ED007EEC9B /* iPad.storyboard in Resources */,
				0EE96FB316C6D19400D97E4F /* TODO-List.rtf in Resources */,
				0EE96FB816C6DF4100D97E4F /* Icon-72.png in Resources */,
				0EE96FB916C6DF4100D97E4F /* Icon-72@2x.png in Resources */,
				0EE96FBA16C6DF4100D97E4F /* Icon.png in Resources */,
				0EE96FBB16C6DF4100D97E4F /* Icon@2x.png in Resources */,
				0EE96FBE16C6DFA500D97E4F /* folder.png in Resources */,
				0EE96FBF16C6DFA500D97E4F /* globe.png in Resources */,
			);
			runOnlyForDeploymentPostprocessing = 0;
		};
/* End PBXResourcesBuildPhase section */

/* Begin PBXSourcesBuildPhase section */
		0ECD3321169BB2ED007EEC9B /* Sources */ = {
			isa = PBXSourcesBuildPhase;
			buildActionMask = 2147483647;
			files = (
				0ECD3336169BB2ED007EEC9B /* main.m in Sources */,
				0ECD333A169BB2ED007EEC9B /* TopPlacesAppDelegate.m in Sources */,
				0ECD335D169BB63B007EEC9B /* FlickrFetcher.m in Sources */,
				0EFA0F7516A3903600E33A49 /* TopPlacesTableViewController.m in Sources */,
				0EFA0F8016A4C8C500E33A49 /* PhotoListTableViewController.m in Sources */,
				0EFA0F8716A4F2B200E33A49 /* FlickrPhotoViewController.m in Sources */,
				0EFA0FAA16ACA5B500E33A49 /* RecentPhotoListTableViewController.m in Sources */,
				0E344EBA16B4A219005AA4AE /* DataCache.m in Sources */,
				0E344EC216B9FDD0005AA4AE /* FlickrPhotoAnnotation.m in Sources */,
				0E344EC516B9FE3B005AA4AE /* FlickrPlaceAnnotation.m in Sources */,
				0E344ECC16BA1586005AA4AE /* PhotoListMapViewController.m in Sources */,
				0EE96FAE16BDF74D00D97E4F /* RotatableTabBarController.m in Sources */,
				0E2C12A916CF2B98007A513B /* TopPlacesMapViewController.m in Sources */,
			);
			runOnlyForDeploymentPostprocessing = 0;
		};
/* End PBXSourcesBuildPhase section */

/* Begin PBXVariantGroup section */
		0ECD3332169BB2ED007EEC9B /* InfoPlist.strings */ = {
			isa = PBXVariantGroup;
			children = (
				0ECD3333169BB2ED007EEC9B /* en */,
			);
			name = InfoPlist.strings;
			sourceTree = "<group>";
		};
		0ECD3341169BB2ED007EEC9B /* iPhone.storyboard */ = {
			isa = PBXVariantGroup;
			children = (
				0ECD3342169BB2ED007EEC9B /* en */,
			);
			name = iPhone.storyboard;
			path = FlickrTopPlaces;
			sourceTree = "<group>";
		};
		0ECD3344169BB2ED007EEC9B /* iPad.storyboard */ = {
			isa = PBXVariantGroup;
			children = (
				0ECD3345169BB2ED007EEC9B /* en */,
			);
			name = iPad.storyboard;
			path = FlickrTopPlaces;
			sourceTree = "<group>";
		};
/* End PBXVariantGroup section */

/* Begin XCBuildConfiguration section */
		0ECD3355169BB2ED007EEC9B /* Debug */ = {
			isa = XCBuildConfiguration;
			buildSettings = {
				ALWAYS_SEARCH_USER_PATHS = NO;
				CLANG_CXX_LANGUAGE_STANDARD = "gnu++0x";
				CLANG_CXX_LIBRARY = "libc++";
				CLANG_ENABLE_OBJC_ARC = YES;
				CLANG_WARN_EMPTY_BODY = YES;
				CLANG_WARN__DUPLICATE_METHOD_MATCH = YES;
				"CODE_SIGN_IDENTITY[sdk=iphoneos*]" = "iPhone Developer";
				COPY_PHASE_STRIP = NO;
				GCC_C_LANGUAGE_STANDARD = gnu99;
				GCC_DYNAMIC_NO_PIC = NO;
				GCC_OPTIMIZATION_LEVEL = 0;
				GCC_PREPROCESSOR_DEFINITIONS = (
					"DEBUG=1",
					"$(inherited)",
				);
				GCC_SYMBOLS_PRIVATE_EXTERN = NO;
				GCC_WARN_ABOUT_RETURN_TYPE = YES;
				GCC_WARN_UNINITIALIZED_AUTOS = YES;
				GCC_WARN_UNUSED_VARIABLE = YES;
				IPHONEOS_DEPLOYMENT_TARGET = 6.0;
				ONLY_ACTIVE_ARCH = YES;
				SDKROOT = iphoneos;
				TARGETED_DEVICE_FAMILY = "1,2";
			};
			name = Debug;
		};
		0ECD3356169BB2ED007EEC9B /* Release */ = {
			isa = XCBuildConfiguration;
			buildSettings = {
				ALWAYS_SEARCH_USER_PATHS = NO;
				CLANG_CXX_LANGUAGE_STANDARD = "gnu++0x";
				CLANG_CXX_LIBRARY = "libc++";
				CLANG_ENABLE_OBJC_ARC = YES;
				CLANG_WARN_EMPTY_BODY = YES;
				CLANG_WARN__DUPLICATE_METHOD_MATCH = YES;
				"CODE_SIGN_IDENTITY[sdk=iphoneos*]" = "iPhone Developer";
				COPY_PHASE_STRIP = YES;
				GCC_C_LANGUAGE_STANDARD = gnu99;
				GCC_WARN_ABOUT_RETURN_TYPE = YES;
				GCC_WARN_UNINITIALIZED_AUTOS = YES;
				GCC_WARN_UNUSED_VARIABLE = YES;
				IPHONEOS_DEPLOYMENT_TARGET = 6.0;
				OTHER_CFLAGS = "-DNS_BLOCK_ASSERTIONS=1";
				SDKROOT = iphoneos;
				TARGETED_DEVICE_FAMILY = "1,2";
				VALIDATE_PRODUCT = YES;
			};
			name = Release;
		};
		0ECD3358169BB2ED007EEC9B /* Debug */ = {
			isa = XCBuildConfiguration;
			buildSettings = {
				GCC_PRECOMPILE_PREFIX_HEADER = YES;
				GCC_PREFIX_HEADER = "FlickrTopPlaces/FlickrMaps-Prefix.pch";
				INFOPLIST_FILE = "FlickrTopPlaces/FlickrMaps-Info.plist";
				PRODUCT_NAME = FlickrMaps;
				WRAPPER_EXTENSION = app;
			};
			name = Debug;
		};
		0ECD3359169BB2ED007EEC9B /* Release */ = {
			isa = XCBuildConfiguration;
			buildSettings = {
				GCC_PRECOMPILE_PREFIX_HEADER = YES;
				GCC_PREFIX_HEADER = "FlickrTopPlaces/FlickrMaps-Prefix.pch";
				INFOPLIST_FILE = "FlickrTopPlaces/FlickrMaps-Info.plist";
				PRODUCT_NAME = FlickrMaps;
				WRAPPER_EXTENSION = app;
			};
			name = Release;
		};
/* End XCBuildConfiguration section */

/* Begin XCConfigurationList section */
		0ECD331F169BB2ED007EEC9B /* Build configuration list for PBXProject "FlickrMaps" */ = {
			isa = XCConfigurationList;
			buildConfigurations = (
				0ECD3355169BB2ED007EEC9B /* Debug */,
				0ECD3356169BB2ED007EEC9B /* Release */,
			);
			defaultConfigurationIsVisible = 0;
			defaultConfigurationName = Release;
		};
		0ECD3357169BB2ED007EEC9B /* Build configuration list for PBXNativeTarget "FlickrMaps" */ = {
			isa = XCConfigurationList;
			buildConfigurations = (
				0ECD3358169BB2ED007EEC9B /* Debug */,
				0ECD3359169BB2ED007EEC9B /* Release */,
			);
			defaultConfigurationIsVisible = 0;
			defaultConfigurationName = Release;
		};
/* End XCConfigurationList section */
	};
	rootObject = 0ECD331C169BB2ED007EEC9B /* Project object */;
}
